<?xml version="1.0" encoding="utf-8"?>
<Project ToolsVersion="4.0" xmlns="http://schemas.microsoft.com/developer/msbuild/2003">
  <ItemGroup>
    <Filter Include="Source Files">
      <UniqueIdentifier>{a5c78741-c2e5-4aeb-a22e-8c8192c47b14}</UniqueIdentifier>
      <Extensions>cpp;c;cxx;rc;def;r;odl;hpj;bat;for;f90</Extensions>
    </Filter>
    <Filter Include="Header Files">
      <UniqueIdentifier>{760a8813-a110-4579-916b-3e2b1a86255d}</UniqueIdentifier>
      <Extensions>h;hpp;hxx;hm;inl;fi;fd</Extensions>
    </Filter>
    <Filter Include="Resource Files">
      <UniqueIdentifier>{d76356cb-5f8a-454f-b269-c9d3e04bc6ab}</UniqueIdentifier>
      <Extensions>ico;cur;bmp;dlg;rc2;rct;bin;cnt;rtf;gif;jpg;jpeg;jpe</Extensions>
    </Filter>
  </ItemGroup>
  <ItemGroup>
    <ClCompile Include="ai_cast.cpp">
      <Filter>Source Files</Filter>
    </ClCompile>
    <ClCompile Include="ai_cast_characters.cpp">
      <Filter>Source Files</Filter>
    </ClCompile>
    <ClCompile Include="ai_cast_debug.cpp">
      <Filter>Source Files</Filter>
    </ClCompile>
    <ClCompile Include="ai_cast_events.cpp">
      <Filter>Source Files</Filter>
    </ClCompile>
    <ClCompile Include="ai_cast_fight.cpp">
      <Filter>Source Files</Filter>
    </ClCompile>
    <ClCompile Include="ai_cast_func_attack.cpp">
      <Filter>Source Files</Filter>
    </ClCompile>
    <ClCompile Include="ai_cast_func_boss1.cpp">
      <Filter>Source Files</Filter>
    </ClCompile>
    <ClCompile Include="ai_cast_funcs.cpp">
      <Filter>Source Files</Filter>
    </ClCompile>
    <ClCompile Include="ai_cast_script.cpp">
      <Filter>Source Files</Filter>
    </ClCompile>
    <ClCompile Include="ai_cast_script_actions.cpp">
      <Filter>Source Files</Filter>
    </ClCompile>
    <ClCompile Include="ai_cast_script_ents.cpp">
      <Filter>Source Files</Filter>
    </ClCompile>
    <ClCompile Include="ai_cast_sight.cpp">
      <Filter>Source Files</Filter>
    </ClCompile>
    <ClCompile Include="ai_cast_think.cpp">
      <Filter>Source Files</Filter>
    </ClCompile>
    <ClCompile Include="..\botai\ai_chat.cpp">
      <Filter>Source Files</Filter>
    </ClCompile>
    <ClCompile Include="..\botai\ai_cmd.cpp">
      <Filter>Source Files</Filter>
    </ClCompile>
    <ClCompile Include="..\botai\ai_dmnet.cpp">
      <Filter>Source Files</Filter>
    </ClCompile>
    <ClCompile Include="..\botai\ai_dmq3.cpp">
      <Filter>Source Files</Filter>
    </ClCompile>
    <ClCompile Include="..\botai\ai_main.cpp">
      <Filter>Source Files</Filter>
    </ClCompile>
    <ClCompile Include="..\botai\ai_team.cpp">
      <Filter>Source Files</Filter>
    </ClCompile>
    <ClCompile Include="bg_animation.cpp">
      <Filter>Source Files</Filter>
    </ClCompile>
    <ClCompile Include="bg_misc.cpp">
      <Filter>Source Files</Filter>
    </ClCompile>
    <ClCompile Include="bg_pmove.cpp">
      <Filter>Source Files</Filter>
    </ClCompile>
    <ClCompile Include="bg_slidemove.cpp">
      <Filter>Source Files</Filter>
    </ClCompile>
    <ClCompile Include="g_active.cpp">
      <Filter>Source Files</Filter>
    </ClCompile>
    <ClCompile Include="g_alarm.cpp">
      <Filter>Source Files</Filter>
    </ClCompile>
    <ClCompile Include="g_antilag.cpp">
      <Filter>Source Files</Filter>
    </ClCompile>
    <ClCompile Include="g_bot.cpp">
      <Filter>Source Files</Filter>
    </ClCompile>
    <ClCompile Include="g_client.cpp">
      <Filter>Source Files</Filter>
    </ClCompile>
    <ClCompile Include="g_cmds.cpp">
      <Filter>Source Files</Filter>
    </ClCompile>
    <ClCompile Include="g_combat.cpp">
      <Filter>Source Files</Filter>
    </ClCompile>
    <ClCompile Include="g_items.cpp">
      <Filter>Source Files</Filter>
    </ClCompile>
    <ClCompile Include="g_main.cpp">
      <Filter>Source Files</Filter>
    </ClCompile>
    <ClCompile Include="g_mem.cpp">
      <Filter>Source Files</Filter>
    </ClCompile>
    <ClCompile Include="g_misc.cpp">
      <Filter>Source Files</Filter>
    </ClCompile>
    <ClCompile Include="g_missile.cpp">
      <Filter>Source Files</Filter>
    </ClCompile>
    <ClCompile Include="g_mover.cpp">
      <Filter>Source Files</Filter>
    </ClCompile>
    <ClCompile Include="g_props.cpp">
      <Filter>Source Files</Filter>
    </ClCompile>
    <ClCompile Include="g_save.cpp">
      <Filter>Source Files</Filter>
    </ClCompile>
    <ClCompile Include="g_script.cpp">
      <Filter>Source Files</Filter>
    </ClCompile>
    <ClCompile Include="g_script_actions.cpp">
      <Filter>Source Files</Filter>
    </ClCompile>
    <ClCompile Include="g_session.cpp">
      <Filter>Source Files</Filter>
    </ClCompile>
    <ClCompile Include="g_spawn.cpp">
      <Filter>Source Files</Filter>
    </ClCompile>
    <ClCompile Include="g_svcmds.cpp">
      <Filter>Source Files</Filter>
    </ClCompile>
    <ClCompile Include="g_syscalls.cpp">
      <Filter>Source Files</Filter>
    </ClCompile>
    <ClCompile Include="g_target.cpp">
      <Filter>Source Files</Filter>
    </ClCompile>
    <ClCompile Include="g_team.cpp">
      <Filter>Source Files</Filter>
    </ClCompile>
    <ClCompile Include="g_tramcar.cpp">
      <Filter>Source Files</Filter>
    </ClCompile>
    <ClCompile Include="g_trigger.cpp">
      <Filter>Source Files</Filter>
    </ClCompile>
    <ClCompile Include="g_utils.cpp">
      <Filter>Source Files</Filter>
    </ClCompile>
    <ClCompile Include="g_weapon.cpp">
      <Filter>Source Files</Filter>
    </ClCompile>
    <ClCompile Include="q_math.cpp">
      <Filter>Source Files</Filter>
    </ClCompile>
    <ClCompile Include="q_shared.cpp">
      <Filter>Source Files</Filter>
    </ClCompile>
  </ItemGroup>
  <ItemGroup>
    <None Include="game.def">
      <Filter>Source Files</Filter>
    </None>
  </ItemGroup>
  <ItemGroup>
    <ClInclude Include="ai_cast.h">
      <Filter>Header Files</Filter>
    </ClInclude>
    <ClInclude Include="ai_cast_fight.h">
      <Filter>Header Files</Filter>
    </ClInclude>
    <ClInclude Include="ai_cast_global.h">
      <Filter>Header Files</Filter>
    </ClInclude>
    <ClInclude Include="..\botai\ai_chat.h">
      <Filter>Header Files</Filter>
    </ClInclude>
    <ClInclude Include="..\botai\ai_cmd.h">
      <Filter>Header Files</Filter>
    </ClInclude>
    <ClInclude Include="..\botai\ai_dmnet.h">
      <Filter>Header Files</Filter>
    </ClInclude>
    <ClInclude Include="..\botai\ai_dmq3.h">
      <Filter>Header Files</Filter>
    </ClInclude>
    <ClInclude Include="..\botai\ai_main.h">
      <Filter>Header Files</Filter>
    </ClInclude>
    <ClInclude Include="..\botai\ai_team.h">
      <Filter>Header Files</Filter>
    </ClInclude>
    <ClInclude Include="be_aas.h">
      <Filter>Header Files</Filter>
    </ClInclude>
    <ClInclude Include="be_ai_char.h">
      <Filter>Header Files</Filter>
    </ClInclude>
    <ClInclude Include="be_ai_chat.h">
      <Filter>Header Files</Filter>
    </ClInclude>
    <ClInclude Include="be_ai_gen.h">
      <Filter>Header Files</Filter>
    </ClInclude>
    <ClInclude Include="be_ai_goal.h">
      <Filter>Header Files</Filter>
    </ClInclude>
    <ClInclude Include="be_ai_move.h">
      <Filter>Header Files</Filter>
    </ClInclude>
    <ClInclude Include="be_ai_weap.h">
      <Filter>Header Files</Filter>
    </ClInclude>
    <ClInclude Include="be_ea.h">
      <Filter>Header Files</Filter>
    </ClInclude>
    <ClInclude Include="bg_local.h">
      <Filter>Header Files</Filter>
    </ClInclude>
    <ClInclude Include="bg_public.h">
      <Filter>Header Files</Filter>
    </ClInclude>
    <ClInclude Include="..\botai\botai.h">
      <Filter>Header Files</Filter>
    </ClInclude>
    <ClInclude Include="botlib.h">
      <Filter>Header Files</Filter>
    </ClInclude>
    <ClInclude Include="..\botai\chars.h">
      <Filter>Header Files</Filter>
    </ClInclude>
    <ClInclude Include="g_local.h">
      <Filter>Header Files</Filter>
    </ClInclude>
    <ClInclude Include="g_public.h">
      <Filter>Header Files</Filter>
    </ClInclude>
    <ClInclude Include="g_team.h">
      <Filter>Header Files</Filter>
    </ClInclude>
    <ClInclude Include="..\botai\inv.h">
      <Filter>Header Files</Filter>
    </ClInclude>
    <ClInclude Include="..\botai\match.h">
      <Filter>Header Files</Filter>
    </ClInclude>
    <ClInclude Include="q_shared.h">
      <Filter>Header Files</Filter>
    </ClInclude>
    <ClInclude Include="surfaceflags.h">
      <Filter>Header Files</Filter>
    </ClInclude>
    <ClInclude Include="..\botai\syn.h">
      <Filter>Header Files</Filter>
    </ClInclude>
  </ItemGroup>
</Project>