<?xml version="1.0" encoding="utf-8"?>
<Project ToolsVersion="4.0" xmlns="http://schemas.microsoft.com/developer/msbuild/2003">
  <ItemGroup>
    <Filter Include="Source Files">
      <UniqueIdentifier>{80e835cf-abd5-4318-b47d-ef9394184b3a}</UniqueIdentifier>
      <Extensions>cpp;c;cxx;rc;def;r;odl;idl;hpj;bat</Extensions>
    </Filter>
    <Filter Include="Source Files\QE4 Files">
      <UniqueIdentifier>{59069b91-db72-41d9-ad9b-77021cb1a8ec}</UniqueIdentifier>
    </Filter>
    <Filter Include="Source Files\Brush Primitives">
      <UniqueIdentifier>{adf7fd9b-9978-4f52-b8b5-8701f02bd545}</UniqueIdentifier>
    </Filter>
    <Filter Include="Source Files\interfaces">
      <UniqueIdentifier>{ebd20d3b-6505-44e6-a639-36a972195846}</UniqueIdentifier>
    </Filter>
    <Filter Include="Header Files">
      <UniqueIdentifier>{1de9f4e3-917f-463c-9fc6-14359b4f7ddd}</UniqueIdentifier>
      <Extensions>h;hpp;hxx;hm;inl</Extensions>
    </Filter>
    <Filter Include="Header Files\interface headers">
      <UniqueIdentifier>{7d41f760-4c57-4e4f-b2c0-973248ef2862}</UniqueIdentifier>
    </Filter>
    <Filter Include="Header Files\internal interface headers">
      <UniqueIdentifier>{95e438ac-4019-4ad8-9872-ff2ca53ffb96}</UniqueIdentifier>
    </Filter>
    <Filter Include="Resource Files">
      <UniqueIdentifier>{764c3372-5726-4f75-bfb9-23a5bc8993a6}</UniqueIdentifier>
      <Extensions>ico;cur;bmp;dlg;rc2;rct;bin;cnt;rtf;gif;jpg;jpeg;jpe</Extensions>
    </Filter>
    <Filter Include="Source Files\Splines">
      <UniqueIdentifier>{7c163833-aea7-4bec-8c23-291d76a2d226}</UniqueIdentifier>
    </Filter>
  </ItemGroup>
  <ItemGroup>
    <ClCompile Include="BrushScript.cpp">
      <Filter>Source Files</Filter>
    </ClCompile>
    <ClCompile Include="BSInput.cpp">
      <Filter>Source Files</Filter>
    </ClCompile>
    <ClCompile Include="cameratargetdlg.cpp">
      <Filter>Source Files</Filter>
    </ClCompile>
    <ClCompile Include="CamWnd.cpp">
      <Filter>Source Files</Filter>
    </ClCompile>
    <ClCompile Include="CapDialog.cpp">
      <Filter>Source Files</Filter>
    </ClCompile>
    <ClCompile Include="cbrushstub.cpp">
      <Filter>Source Files</Filter>
    </ClCompile>
    <ClCompile Include="CommandsDlg.cpp">
      <Filter>Source Files</Filter>
    </ClCompile>
    <ClCompile Include="DialogInfo.cpp">
      <Filter>Source Files</Filter>
    </ClCompile>
    <ClCompile Include="DialogTextures.cpp">
      <Filter>Source Files</Filter>
    </ClCompile>
    <ClCompile Include="DialogThick.cpp">
      <Filter>Source Files</Filter>
    </ClCompile>
    <ClCompile Include="dlgcamera.cpp">
      <Filter>Source Files</Filter>
    </ClCompile>
    <ClCompile Include="DlgEvent.cpp">
      <Filter>Source Files</Filter>
    </ClCompile>
    <ClCompile Include="EditWnd.cpp">
      <Filter>Source Files</Filter>
    </ClCompile>
    <ClCompile Include="EntityListDlg.cpp">
      <Filter>Source Files</Filter>
    </ClCompile>
    <ClCompile Include="FindTextureDlg.cpp">
      <Filter>Source Files</Filter>
    </ClCompile>
    <ClCompile Include="GroupDlg.cpp">
      <Filter>Source Files</Filter>
    </ClCompile>
    <ClCompile Include="LstToolBar.cpp">
      <Filter>Source Files</Filter>
    </ClCompile>
    <ClCompile Include="MainFrm.cpp">
      <Filter>Source Files</Filter>
    </ClCompile>
    <ClCompile Include="MapInfo.cpp">
      <Filter>Source Files</Filter>
    </ClCompile>
    <ClCompile Include="NameDlg.cpp">
      <Filter>Source Files</Filter>
    </ClCompile>
    <ClCompile Include="NewProjDlg.cpp">
      <Filter>Source Files</Filter>
    </ClCompile>
    <ClCompile Include="PatchDensityDlg.cpp">
      <Filter>Source Files</Filter>
    </ClCompile>
    <ClCompile Include="PatchDialog.cpp">
      <Filter>Source Files</Filter>
    </ClCompile>
    <ClCompile Include="PlugIn.cpp">
      <Filter>Source Files</Filter>
    </ClCompile>
    <ClCompile Include="PlugInManager.cpp">
      <Filter>Source Files</Filter>
    </ClCompile>
    <ClCompile Include="PMESH.CPP">
      <Filter>Source Files</Filter>
    </ClCompile>
    <ClCompile Include="PrefsDlg.cpp">
      <Filter>Source Files</Filter>
    </ClCompile>
    <ClCompile Include="qgl_win.c">
      <Filter>Source Files</Filter>
    </ClCompile>
    <ClCompile Include="radbsp.cpp">
      <Filter>Source Files</Filter>
    </ClCompile>
    <ClCompile Include="RADEditWnd.cpp">
      <Filter>Source Files</Filter>
    </ClCompile>
    <ClCompile Include="Radiant.cpp">
      <Filter>Source Files</Filter>
    </ClCompile>
    <ClCompile Include="RotateDlg.cpp">
      <Filter>Source Files</Filter>
    </ClCompile>
    <ClCompile Include="ScaleDialog.cpp">
      <Filter>Source Files</Filter>
    </ClCompile>
    <ClCompile Include="ScriptDlg.cpp">
      <Filter>Source Files</Filter>
    </ClCompile>
    <ClCompile Include="ShaderInfo.cpp">
      <Filter>Source Files</Filter>
    </ClCompile>
    <ClCompile Include="StdAfx.cpp">
      <Filter>Source Files</Filter>
    </ClCompile>
    <ClCompile Include="SurfaceDlg.cpp">
      <Filter>Source Files</Filter>
    </ClCompile>
    <ClCompile Include="TexEdit.cpp">
      <Filter>Source Files</Filter>
    </ClCompile>
    <ClCompile Include="TextureBar.cpp">
      <Filter>Source Files</Filter>
    </ClCompile>
    <ClCompile Include="TextureLayout.cpp">
      <Filter>Source Files</Filter>
    </ClCompile>
    <ClCompile Include="TexWnd.cpp">
      <Filter>Source Files</Filter>
    </ClCompile>
    <ClCompile Include="Undo.cpp">
      <Filter>Source Files</Filter>
    </ClCompile>
    <ClCompile Include="WaveOpen.cpp">
      <Filter>Source Files</Filter>
    </ClCompile>
    <ClCompile Include="Winding.cpp">
      <Filter>Source Files</Filter>
    </ClCompile>
    <ClCompile Include="XYWnd.cpp">
      <Filter>Source Files</Filter>
    </ClCompile>
    <ClCompile Include="ZWnd.cpp">
      <Filter>Source Files</Filter>
    </ClCompile>
    <ClCompile Include="Bmp.cpp">
      <Filter>Source Files\QE4 Files</Filter>
    </ClCompile>
    <ClCompile Include="brush.cpp">
      <Filter>Source Files\QE4 Files</Filter>
    </ClCompile>
    <ClCompile Include="csg.cpp">
      <Filter>Source Files\QE4 Files</Filter>
    </ClCompile>
    <ClCompile Include="drag.cpp">
      <Filter>Source Files\QE4 Files</Filter>
    </ClCompile>
    <ClCompile Include="eclass.cpp">
      <Filter>Source Files\QE4 Files</Filter>
    </ClCompile>
    <ClCompile Include="entity.cpp">
      <Filter>Source Files\QE4 Files</Filter>
    </ClCompile>
    <ClCompile Include="lbmlib.cpp">
      <Filter>Source Files\QE4 Files</Filter>
    </ClCompile>
    <ClCompile Include="map.cpp">
      <Filter>Source Files\QE4 Files</Filter>
    </ClCompile>
    <ClCompile Include="mathlib.cpp">
      <Filter>Source Files\QE4 Files</Filter>
    </ClCompile>
    <ClCompile Include="mru.cpp">
      <Filter>Source Files\QE4 Files</Filter>
    </ClCompile>
    <ClCompile Include="parse.cpp">
      <Filter>Source Files\QE4 Files</Filter>
    </ClCompile>
    <ClCompile Include="points.cpp">
      <Filter>Source Files\QE4 Files</Filter>
    </ClCompile>
    <ClCompile Include="qe3.cpp">
      <Filter>Source Files\QE4 Files</Filter>
    </ClCompile>
    <ClCompile Include="select.cpp">
      <Filter>Source Files\QE4 Files</Filter>
    </ClCompile>
    <ClCompile Include="terrain.cpp">
      <Filter>Source Files\QE4 Files</Filter>
    </ClCompile>
    <ClCompile Include="vertsel.cpp">
      <Filter>Source Files\QE4 Files</Filter>
    </ClCompile>
    <ClCompile Include="win_dlg.cpp">
      <Filter>Source Files\QE4 Files</Filter>
    </ClCompile>
    <ClCompile Include="win_ent.cpp">
      <Filter>Source Files\QE4 Files</Filter>
    </ClCompile>
    <ClCompile Include="win_main.cpp">
      <Filter>Source Files\QE4 Files</Filter>
    </ClCompile>
    <ClCompile Include="win_qe3.cpp">
      <Filter>Source Files\QE4 Files</Filter>
    </ClCompile>
    <ClCompile Include="z.cpp">
      <Filter>Source Files\QE4 Files</Filter>
    </ClCompile>
    <ClCompile Include="brush_primit.cpp">
      <Filter>Source Files\Brush Primitives</Filter>
    </ClCompile>
    <ClCompile Include="GLInterface.cpp">
      <Filter>Source Files\interfaces</Filter>
    </ClCompile>
    <ClCompile Include="IEpairs.cpp">
      <Filter>Source Files\interfaces</Filter>
    </ClCompile>
    <ClCompile Include="IShaders.cpp">
      <Filter>Source Files\interfaces</Filter>
    </ClCompile>
    <ClCompile Include="Messaging.cpp">
      <Filter>Source Files\interfaces</Filter>
    </ClCompile>
    <ClCompile Include="PluginEntities.cpp">
      <Filter>Source Files\interfaces</Filter>
    </ClCompile>
    <ClCompile Include="SelectedFace.cpp">
      <Filter>Source Files\interfaces</Filter>
    </ClCompile>
    <ClCompile Include="SurfacePlugin.cpp">
      <Filter>Source Files\interfaces</Filter>
    </ClCompile>
    <ClCompile Include="..\common\unzip.cpp">
      <Filter>Source Files</Filter>
    </ClCompile>
    <ClCompile Include="..\common\pakstuff.cpp">
      <Filter>Source Files</Filter>
    </ClCompile>
    <ClCompile Include="splines\math_angles.cpp">
      <Filter>Source Files\Splines</Filter>
    </ClCompile>
    <ClCompile Include="splines\math_matrix.cpp">
      <Filter>Source Files\Splines</Filter>
    </ClCompile>
    <ClCompile Include="splines\math_quaternion.cpp">
      <Filter>Source Files\Splines</Filter>
    </ClCompile>
    <ClCompile Include="splines\math_vector.cpp">
      <Filter>Source Files\Splines</Filter>
    </ClCompile>
    <ClCompile Include="splines\q_parse.cpp">
      <Filter>Source Files\Splines</Filter>
    </ClCompile>
    <ClCompile Include="splines\q_shared.cpp">
      <Filter>Source Files\Splines</Filter>
    </ClCompile>
    <ClCompile Include="splines\splines.cpp">
      <Filter>Source Files\Splines</Filter>
    </ClCompile>
    <ClCompile Include="splines\util_str.cpp">
      <Filter>Source Files\Splines</Filter>
    </ClCompile>
    <ClCompile Include="cmdlib.cpp">
      <Filter>Source Files</Filter>
    </ClCompile>
  </ItemGroup>
  <ItemGroup>
    <ResourceCompile Include="Radiant.rc">
      <Filter>Source Files</Filter>
    </ResourceCompile>
  </ItemGroup>
  <ItemGroup>
    <ClInclude Include="terrain.h">
      <Filter>Source Files\QE4 Files</Filter>
    </ClInclude>
    <ClInclude Include="BSInput.h">
      <Filter>Header Files</Filter>
    </ClInclude>
    <ClInclude Include="cameratargetdlg.h">
      <Filter>Header Files</Filter>
    </ClInclude>
    <ClInclude Include="CamWnd.h">
      <Filter>Header Files</Filter>
    </ClInclude>
    <ClInclude Include="CapDialog.h">
      <Filter>Header Files</Filter>
    </ClInclude>
    <ClInclude Include="ChildFrm.h">
      <Filter>Header Files</Filter>
    </ClInclude>
    <ClInclude Include="CommandsDlg.h">
      <Filter>Header Files</Filter>
    </ClInclude>
    <ClInclude Include="DialogInfo.h">
      <Filter>Header Files</Filter>
    </ClInclude>
    <ClInclude Include="DialogTextures.h">
      <Filter>Header Files</Filter>
    </ClInclude>
    <ClInclude Include="DialogThick.h">
      <Filter>Header Files</Filter>
    </ClInclude>
    <ClInclude Include="dlgcamera.h">
      <Filter>Header Files</Filter>
    </ClInclude>
    <ClInclude Include="DlgEvent.h">
      <Filter>Header Files</Filter>
    </ClInclude>
    <ClInclude Include="EditWnd.h">
      <Filter>Header Files</Filter>
    </ClInclude>
    <ClInclude Include="EntityListDlg.h">
      <Filter>Header Files</Filter>
    </ClInclude>
    <ClInclude Include="FindTextureDlg.h">
      <Filter>Header Files</Filter>
    </ClInclude>
    <ClInclude Include="GroupBar.h">
      <Filter>Header Files</Filter>
    </ClInclude>
    <ClInclude Include="GroupDlg.h">
      <Filter>Header Files</Filter>
    </ClInclude>
    <ClInclude Include="LstToolBar.h">
      <Filter>Header Files</Filter>
    </ClInclude>
    <ClInclude Include="MainFrm.h">
      <Filter>Header Files</Filter>
    </ClInclude>
    <ClInclude Include="MapInfo.h">
      <Filter>Header Files</Filter>
    </ClInclude>
    <ClInclude Include="NameDlg.h">
      <Filter>Header Files</Filter>
    </ClInclude>
    <ClInclude Include="NewProjDlg.h">
      <Filter>Header Files</Filter>
    </ClInclude>
    <ClInclude Include="PatchDensityDlg.h">
      <Filter>Header Files</Filter>
    </ClInclude>
    <ClInclude Include="PatchDialog.h">
      <Filter>Header Files</Filter>
    </ClInclude>
    <ClInclude Include="PlugIn.h">
      <Filter>Header Files</Filter>
    </ClInclude>
    <ClInclude Include="PlugInManager.h">
      <Filter>Header Files</Filter>
    </ClInclude>
    <ClInclude Include="PrefsDlg.h">
      <Filter>Header Files</Filter>
    </ClInclude>
    <ClInclude Include="qe3.h">
      <Filter>Header Files</Filter>
    </ClInclude>
    <ClInclude Include="QEDEFS.H">
      <Filter>Header Files</Filter>
    </ClInclude>
    <ClInclude Include="qerplugin.h">
      <Filter>Header Files</Filter>
    </ClInclude>
    <ClInclude Include="QERTYPES.H">
      <Filter>Header Files</Filter>
    </ClInclude>
    <ClInclude Include="QFILES.H">
      <Filter>Header Files</Filter>
    </ClInclude>
    <ClInclude Include="RADEditWnd.h">
      <Filter>Header Files</Filter>
    </ClInclude>
    <ClInclude Include="Radiant.h">
      <Filter>Header Files</Filter>
    </ClInclude>
    <ClInclude Include="RadiantDoc.h">
      <Filter>Header Files</Filter>
    </ClInclude>
    <ClInclude Include="RadiantView.h">
      <Filter>Header Files</Filter>
    </ClInclude>
    <ClInclude Include="Resource.h">
      <Filter>Header Files</Filter>
    </ClInclude>
    <ClInclude Include="RotateDlg.h">
      <Filter>Header Files</Filter>
    </ClInclude>
    <ClInclude Include="ScaleDialog.h">
      <Filter>Header Files</Filter>
    </ClInclude>
    <ClInclude Include="ScriptDlg.h">
      <Filter>Header Files</Filter>
    </ClInclude>
    <ClInclude Include="SELECT.H">
      <Filter>Header Files</Filter>
    </ClInclude>
    <ClInclude Include="ShaderInfo.h">
      <Filter>Header Files</Filter>
    </ClInclude>
    <ClInclude Include="StdAfx.h">
      <Filter>Header Files</Filter>
    </ClInclude>
    <ClInclude Include="SurfaceDlg.h">
      <Filter>Header Files</Filter>
    </ClInclude>
    <ClInclude Include="TexEdit.h">
      <Filter>Header Files</Filter>
    </ClInclude>
    <ClInclude Include="TextureBar.h">
      <Filter>Header Files</Filter>
    </ClInclude>
    <ClInclude Include="TextureLayout.h">
      <Filter>Header Files</Filter>
    </ClInclude>
    <ClInclude Include="TexWnd.h">
      <Filter>Header Files</Filter>
    </ClInclude>
    <ClInclude Include="WaveOpen.h">
      <Filter>Header Files</Filter>
    </ClInclude>
    <ClInclude Include="XYWnd.h">
      <Filter>Header Files</Filter>
    </ClInclude>
    <ClInclude Include="ZWnd.h">
      <Filter>Header Files</Filter>
    </ClInclude>
    <ClInclude Include="IEpairs.h">
      <Filter>Header Files\interface headers</Filter>
    </ClInclude>
    <ClInclude Include="igl.h">
      <Filter>Header Files\interface headers</Filter>
    </ClInclude>
    <ClInclude Include="IMessaging.h">
      <Filter>Header Files\interface headers</Filter>
    </ClInclude>
    <ClInclude Include="IPluginEntities.h">
      <Filter>Header Files\interface headers</Filter>
    </ClInclude>
    <ClInclude Include="ISelectedFace.h">
      <Filter>Header Files\interface headers</Filter>
    </ClInclude>
    <ClInclude Include="IShaders.h">
      <Filter>Header Files\interface headers</Filter>
    </ClInclude>
    <ClInclude Include="isurfaceplugin.h">
      <Filter>Header Files\interface headers</Filter>
    </ClInclude>
    <ClInclude Include="EpairsWrapper.h">
      <Filter>Header Files\internal interface headers</Filter>
    </ClInclude>
    <ClInclude Include="Messaging.h">
      <Filter>Header Files\internal interface headers</Filter>
    </ClInclude>
    <ClInclude Include="splines\math_angles.h">
      <Filter>Source Files\Splines</Filter>
    </ClInclude>
    <ClInclude Include="splines\math_matrix.h">
      <Filter>Source Files\Splines</Filter>
    </ClInclude>
    <ClInclude Include="splines\math_quaternion.h">
      <Filter>Source Files\Splines</Filter>
    </ClInclude>
    <ClInclude Include="splines\math_vector.h">
      <Filter>Source Files\Splines</Filter>
    </ClInclude>
    <ClInclude Include="splines\q_shared.h">
      <Filter>Source Files\Splines</Filter>
    </ClInclude>
    <ClInclude Include="splines\splines.h">
      <Filter>Source Files\Splines</Filter>
    </ClInclude>
    <ClInclude Include="splines\util_list.h">
      <Filter>Source Files\Splines</Filter>
    </ClInclude>
    <ClInclude Include="splines\util_str.h">
      <Filter>Source Files\Splines</Filter>
    </ClInclude>
  </ItemGroup>
  <ItemGroup>
    <None Include="res\bevel.bmp">
      <Filter>Resource Files</Filter>
    </None>
    <None Include="res\bitmap2.bmp">
      <Filter>Resource Files</Filter>
    </None>
    <None Include="res\bmp00001.bmp">
      <Filter>Resource Files</Filter>
    </None>
    <None Include="res\bmp00002.bmp">
      <Filter>Resource Files</Filter>
    </None>
    <None Include="RES\bmp00003.bmp">
      <Filter>Resource Files</Filter>
    </None>
    <None Include="res\endcap.bmp">
      <Filter>Resource Files</Filter>
    </None>
    <None Include="res\ibevel.bmp">
      <Filter>Resource Files</Filter>
    </None>
    <None Include="RES\icon2.ico">
      <Filter>Resource Files</Filter>
    </None>
    <None Include="res\iendcap.bmp">
      <Filter>Resource Files</Filter>
    </None>
    <None Include="res\logo_sm3dfx.bmp">
      <Filter>Resource Files</Filter>
    </None>
    <None Include="res\q.bmp">
      <Filter>Resource Files</Filter>
    </None>
    <None Include="q.bmp">
      <Filter>Resource Files</Filter>
    </None>
    <None Include="res\Radiant.ico">
      <Filter>Resource Files</Filter>
    </None>
    <None Include="res\Radiant.rc2">
      <Filter>Resource Files</Filter>
    </None>
    <None Include="res\RadiantDoc.ico">
      <Filter>Resource Files</Filter>
    </None>
    <None Include="RES\shaderbar.bmp">
      <Filter>Resource Files</Filter>
    </None>
    <None Include="RES\shaderdoc.ico">
      <Filter>Resource Files</Filter>
    </None>
    <None Include="RES\shaderframe.ico">
      <Filter>Resource Files</Filter>
    </None>
    <None Include="res\Toolbar.bmp">
      <Filter>Resource Files</Filter>
    </None>
    <None Include="toolbar1.bmp">
      <Filter>Resource Files</Filter>
    </None>
    <None Include="res\toolbar1.bmp">
      <Filter>Resource Files</Filter>
    </None>
    <None Include="res\toolbar2.bmp">
      <Filter>Resource Files</Filter>
    </None>
    <None Include="res\viewdefa.bmp">
      <Filter>Resource Files</Filter>
    </None>
    <None Include="res\viewoppo.bmp">
      <Filter>Resource Files</Filter>
    </None>
  </ItemGroup>
</Project>