Microsoft Visual Studio Solution File, Format Version 12.00
# Visual Studio Version 17
VisualStudioVersion = 17.12.35521.163
MinimumVisualStudioVersion = 10.0.40219.1
Project("{8BC9CEB8-8B4A-11D0-8D11-00A0C91BC942}") = "Splines", "splines\Splines.vcxproj", "{B6842D42-FBA7-4494-A393-802CA7E94351}"
EndProject
Project("{8BC9CEB8-8B4A-11D0-8D11-00A0C91BC942}") = "botlib", "botlib\botlib.vcxproj", "{4E5F4E34-0E6A-4200-916F-D33805505B54}"
EndProject
Project("{8BC9CEB8-8B4A-11D0-8D11-00A0C91BC942}") = "cgame", "cgame\cgame.vcxproj", "{A16F9DCF-7F32-43AB-A044-74B7C660FC9B}"
EndProject
Project("{8BC9CEB8-8B4A-11D0-8D11-00A0C91BC942}") = "extractfuncs", "extractfuncs\extractfuncs.vcxproj", "{E7BAACA8-3530-402D-9C27-947A36926100}"
EndProject
Project("{8BC9CEB8-8B4A-11D0-8D11-00A0C91BC942}") = "game", "game\game.vcxproj", "{47A33A98-87A5-4071-8608-3E6BC9EEC29E}"
EndProject
Project("{8BC9CEB8-8B4A-11D0-8D11-00A0C91BC942}") = "renderer", "renderer\renderer.vcxproj", "{544C7EF5-2A74-4206-8B74-24D4FAD83048}"
EndProject
Project("{8BC9CEB8-8B4A-11D0-8D11-00A0C91BC942}") = "ui", "ui\ui.vcxproj", "{64DCBC13-78A6-43E9-931D-B63FBB0421C7}"
EndProject
Project("{8BC9CEB8-8B4A-11D0-8D11-00A0C91BC942}") = "wolf", "wolf.vcxproj", "{3ACD01D0-DCF1-46A5-A477-7E8524032A02}"
EndProject
Project("{2150E333-8FDC-42A3-9474-1A3956D46DE8}") = "Engine", "Engine", "{F8CD9992-519F-4088-83F4-12928D2F6F18}"
EndProject
Project("{2150E333-8FDC-42A3-9474-1A3956D46DE8}") = "VM", "VM", "{3A500526-9F44-4336-A46C-AA0BC68B2564}"
EndProject
Project("{2150E333-8FDC-42A3-9474-1A3956D46DE8}") = "Tools", "Tools", "{0D790B56-4AD0-4424-9556-B9A3494DE36F}"
EndProject
Project("{8BC9CEB8-8B4A-11D0-8D11-00A0C91BC942}") = "q3map", "q3map\q3map.vcxproj", "{B347D665-9DAB-4109-B2D0-4F41C13208EA}"
EndProject
Project("{8BC9CEB8-8B4A-11D0-8D11-00A0C91BC942}") = "jpeg6", "q3map\jpeg6\jpeg6.vcxproj", "{89A7096A-021A-4F08-AAF0-51ABB1E34D9E}"
EndProject
Project("{8BC9CEB8-8B4A-11D0-8D11-00A0C91BC942}") = "Radiant", "radiant\Radiant.vcxproj", "{68C623E3-E5D3-4B23-B158-1C3D9C6CED49}"
EndProject
Global
	GlobalSection(SolutionConfigurationPlatforms) = preSolution
		Debug Dedicated|x64 = Debug Dedicated|x64
		Debug|x64 = Debug|x64
		Release Dedicated|x64 = Release Dedicated|x64
		Release|x64 = Release|x64
	EndGlobalSection
	GlobalSection(ProjectConfigurationPlatforms) = postSolution
		{B6842D42-FBA7-4494-A393-802CA7E94351}.Debug Dedicated|x64.ActiveCfg = Debug|x64
		{B6842D42-FBA7-4494-A393-802CA7E94351}.Debug Dedicated|x64.Build.0 = Debug|x64
		{B6842D42-FBA7-4494-A393-802CA7E94351}.Debug|x64.ActiveCfg = Debug|x64
		{B6842D42-FBA7-4494-A393-802CA7E94351}.Debug|x64.Build.0 = Debug|x64
		{B6842D42-FBA7-4494-A393-802CA7E94351}.Release Dedicated|x64.ActiveCfg = Release|x64
		{B6842D42-FBA7-4494-A393-802CA7E94351}.Release Dedicated|x64.Build.0 = Release|x64
		{B6842D42-FBA7-4494-A393-802CA7E94351}.Release|x64.ActiveCfg = Release|x64
		{B6842D42-FBA7-4494-A393-802CA7E94351}.Release|x64.Build.0 = Release|x64
		{4E5F4E34-0E6A-4200-916F-D33805505B54}.Debug Dedicated|x64.ActiveCfg = Debug|x64
		{4E5F4E34-0E6A-4200-916F-D33805505B54}.Debug Dedicated|x64.Build.0 = Debug|x64
		{4E5F4E34-0E6A-4200-916F-D33805505B54}.Debug|x64.ActiveCfg = Debug|x64
		{4E5F4E34-0E6A-4200-916F-D33805505B54}.Debug|x64.Build.0 = Debug|x64
		{4E5F4E34-0E6A-4200-916F-D33805505B54}.Release Dedicated|x64.ActiveCfg = Release|x64
		{4E5F4E34-0E6A-4200-916F-D33805505B54}.Release Dedicated|x64.Build.0 = Release|x64
		{4E5F4E34-0E6A-4200-916F-D33805505B54}.Release|x64.ActiveCfg = Release|x64
		{4E5F4E34-0E6A-4200-916F-D33805505B54}.Release|x64.Build.0 = Release|x64
		{A16F9DCF-7F32-43AB-A044-74B7C660FC9B}.Debug Dedicated|x64.ActiveCfg = Debug|x64
		{A16F9DCF-7F32-43AB-A044-74B7C660FC9B}.Debug Dedicated|x64.Build.0 = Debug|x64
		{A16F9DCF-7F32-43AB-A044-74B7C660FC9B}.Debug|x64.ActiveCfg = Debug|x64
		{A16F9DCF-7F32-43AB-A044-74B7C660FC9B}.Debug|x64.Build.0 = Debug|x64
		{A16F9DCF-7F32-43AB-A044-74B7C660FC9B}.Release Dedicated|x64.ActiveCfg = Release|x64
		{A16F9DCF-7F32-43AB-A044-74B7C660FC9B}.Release Dedicated|x64.Build.0 = Release|x64
		{A16F9DCF-7F32-43AB-A044-74B7C660FC9B}.Release|x64.ActiveCfg = Release|x64
		{A16F9DCF-7F32-43AB-A044-74B7C660FC9B}.Release|x64.Build.0 = Release|x64
		{E7BAACA8-3530-402D-9C27-947A36926100}.Debug Dedicated|x64.ActiveCfg = Debug|x64
		{E7BAACA8-3530-402D-9C27-947A36926100}.Debug Dedicated|x64.Build.0 = Debug|x64
		{E7BAACA8-3530-402D-9C27-947A36926100}.Debug|x64.ActiveCfg = Debug|x64
		{E7BAACA8-3530-402D-9C27-947A36926100}.Debug|x64.Build.0 = Debug|x64
		{E7BAACA8-3530-402D-9C27-947A36926100}.Release Dedicated|x64.ActiveCfg = Release|x64
		{E7BAACA8-3530-402D-9C27-947A36926100}.Release Dedicated|x64.Build.0 = Release|x64
		{E7BAACA8-3530-402D-9C27-947A36926100}.Release|x64.ActiveCfg = Release|x64
		{E7BAACA8-3530-402D-9C27-947A36926100}.Release|x64.Build.0 = Release|x64
		{47A33A98-87A5-4071-8608-3E6BC9EEC29E}.Debug Dedicated|x64.ActiveCfg = Debug|x64
		{47A33A98-87A5-4071-8608-3E6BC9EEC29E}.Debug Dedicated|x64.Build.0 = Debug|x64
		{47A33A98-87A5-4071-8608-3E6BC9EEC29E}.Debug|x64.ActiveCfg = Debug|x64
		{47A33A98-87A5-4071-8608-3E6BC9EEC29E}.Debug|x64.Build.0 = Debug|x64
		{47A33A98-87A5-4071-8608-3E6BC9EEC29E}.Release Dedicated|x64.ActiveCfg = Release|x64
		{47A33A98-87A5-4071-8608-3E6BC9EEC29E}.Release Dedicated|x64.Build.0 = Release|x64
		{47A33A98-87A5-4071-8608-3E6BC9EEC29E}.Release|x64.ActiveCfg = Release|x64
		{47A33A98-87A5-4071-8608-3E6BC9EEC29E}.Release|x64.Build.0 = Release|x64
		{544C7EF5-2A74-4206-8B74-24D4FAD83048}.Debug Dedicated|x64.ActiveCfg = Debug|x64
		{544C7EF5-2A74-4206-8B74-24D4FAD83048}.Debug Dedicated|x64.Build.0 = Debug|x64
		{544C7EF5-2A74-4206-8B74-24D4FAD83048}.Debug|x64.ActiveCfg = Debug|x64
		{544C7EF5-2A74-4206-8B74-24D4FAD83048}.Debug|x64.Build.0 = Debug|x64
		{544C7EF5-2A74-4206-8B74-24D4FAD83048}.Release Dedicated|x64.ActiveCfg = Release|x64
		{544C7EF5-2A74-4206-8B74-24D4FAD83048}.Release Dedicated|x64.Build.0 = Release|x64
		{544C7EF5-2A74-4206-8B74-24D4FAD83048}.Release|x64.ActiveCfg = Release|x64
		{544C7EF5-2A74-4206-8B74-24D4FAD83048}.Release|x64.Build.0 = Release|x64
		{64DCBC13-78A6-43E9-931D-B63FBB0421C7}.Debug Dedicated|x64.ActiveCfg = Debug|x64
		{64DCBC13-78A6-43E9-931D-B63FBB0421C7}.Debug Dedicated|x64.Build.0 = Debug|x64
		{64DCBC13-78A6-43E9-931D-B63FBB0421C7}.Debug|x64.ActiveCfg = Debug|x64
		{64DCBC13-78A6-43E9-931D-B63FBB0421C7}.Debug|x64.Build.0 = Debug|x64
		{64DCBC13-78A6-43E9-931D-B63FBB0421C7}.Release Dedicated|x64.ActiveCfg = Release|x64
		{64DCBC13-78A6-43E9-931D-B63FBB0421C7}.Release Dedicated|x64.Build.0 = Release|x64
		{64DCBC13-78A6-43E9-931D-B63FBB0421C7}.Release|x64.ActiveCfg = Release|x64
		{64DCBC13-78A6-43E9-931D-B63FBB0421C7}.Release|x64.Build.0 = Release|x64
		{3ACD01D0-DCF1-46A5-A477-7E8524032A02}.Debug Dedicated|x64.ActiveCfg = Debug Dedicated|x64
		{3ACD01D0-DCF1-46A5-A477-7E8524032A02}.Debug Dedicated|x64.Build.0 = Debug Dedicated|x64
		{3ACD01D0-DCF1-46A5-A477-7E8524032A02}.Debug|x64.ActiveCfg = Debug|x64
		{3ACD01D0-DCF1-46A5-A477-7E8524032A02}.Debug|x64.Build.0 = Debug|x64
		{3ACD01D0-DCF1-46A5-A477-7E8524032A02}.Release Dedicated|x64.ActiveCfg = Release Dedicated|x64
		{3ACD01D0-DCF1-46A5-A477-7E8524032A02}.Release Dedicated|x64.Build.0 = Release Dedicated|x64
		{3ACD01D0-DCF1-46A5-A477-7E8524032A02}.Release|x64.ActiveCfg = Release|x64
		{3ACD01D0-DCF1-46A5-A477-7E8524032A02}.Release|x64.Build.0 = Release|x64
		{B347D665-9DAB-4109-B2D0-4F41C13208EA}.Debug Dedicated|x64.ActiveCfg = DebugTTimo|x64
		{B347D665-9DAB-4109-B2D0-4F41C13208EA}.Debug|x64.ActiveCfg = Debug|x64
		{B347D665-9DAB-4109-B2D0-4F41C13208EA}.Debug|x64.Build.0 = Debug|x64
		{B347D665-9DAB-4109-B2D0-4F41C13208EA}.Release Dedicated|x64.ActiveCfg = ReleaseTTimo|x64
		{B347D665-9DAB-4109-B2D0-4F41C13208EA}.Release|x64.ActiveCfg = Release|x64
		{89A7096A-021A-4F08-AAF0-51ABB1E34D9E}.Debug Dedicated|x64.ActiveCfg = Debug|x64
		{89A7096A-021A-4F08-AAF0-51ABB1E34D9E}.Debug|x64.ActiveCfg = Debug|x64
		{89A7096A-021A-4F08-AAF0-51ABB1E34D9E}.Debug|x64.Build.0 = Debug|x64
		{89A7096A-021A-4F08-AAF0-51ABB1E34D9E}.Release Dedicated|x64.ActiveCfg = Release|x64
		{89A7096A-021A-4F08-AAF0-51ABB1E34D9E}.Release|x64.ActiveCfg = Release|x64
		{68C623E3-E5D3-4B23-B158-1C3D9C6CED49}.Debug Dedicated|x64.ActiveCfg = Debug|x64
		{68C623E3-E5D3-4B23-B158-1C3D9C6CED49}.Debug Dedicated|x64.Build.0 = Debug|x64
		{68C623E3-E5D3-4B23-B158-1C3D9C6CED49}.Debug|x64.ActiveCfg = Debug|x64
		{68C623E3-E5D3-4B23-B158-1C3D9C6CED49}.Debug|x64.Build.0 = Debug|x64
		{68C623E3-E5D3-4B23-B158-1C3D9C6CED49}.Release Dedicated|x64.ActiveCfg = Release|x64
		{68C623E3-E5D3-4B23-B158-1C3D9C6CED49}.Release Dedicated|x64.Build.0 = Release|x64
		{68C623E3-E5D3-4B23-B158-1C3D9C6CED49}.Release|x64.ActiveCfg = Release|x64
		{68C623E3-E5D3-4B23-B158-1C3D9C6CED49}.Release|x64.Build.0 = Release|x64
	EndGlobalSection
	GlobalSection(SolutionProperties) = preSolution
		HideSolutionNode = FALSE
	EndGlobalSection
	GlobalSection(NestedProjects) = preSolution
		{B6842D42-FBA7-4494-A393-802CA7E94351} = {F8CD9992-519F-4088-83F4-12928D2F6F18}
		{4E5F4E34-0E6A-4200-916F-D33805505B54} = {F8CD9992-519F-4088-83F4-12928D2F6F18}
		{A16F9DCF-7F32-43AB-A044-74B7C660FC9B} = {3A500526-9F44-4336-A46C-AA0BC68B2564}
		{E7BAACA8-3530-402D-9C27-947A36926100} = {3A500526-9F44-4336-A46C-AA0BC68B2564}
		{47A33A98-87A5-4071-8608-3E6BC9EEC29E} = {3A500526-9F44-4336-A46C-AA0BC68B2564}
		{544C7EF5-2A74-4206-8B74-24D4FAD83048} = {F8CD9992-519F-4088-83F4-12928D2F6F18}
		{64DCBC13-78A6-43E9-931D-B63FBB0421C7} = {3A500526-9F44-4336-A46C-AA0BC68B2564}
		{3ACD01D0-DCF1-46A5-A477-7E8524032A02} = {F8CD9992-519F-4088-83F4-12928D2F6F18}
		{B347D665-9DAB-4109-B2D0-4F41C13208EA} = {0D790B56-4AD0-4424-9556-B9A3494DE36F}
		{89A7096A-021A-4F08-AAF0-51ABB1E34D9E} = {0D790B56-4AD0-4424-9556-B9A3494DE36F}
		{68C623E3-E5D3-4B23-B158-1C3D9C6CED49} = {0D790B56-4AD0-4424-9556-B9A3494DE36F}
	EndGlobalSection
EndGlobal
